// !$*UTF8*$!
{
	archiveVersion = 1;
	classes = {
	};
	objectVersion = 50;
	objects = {

/* Begin PBXBuildFile section */
		AD60EBA92428AD810035D43C /* kullanicikayit.swift in Sources */ = {isa = PBXBuildFile; fileRef = AD60EBA82428AD810035D43C /* kullanicikayit.swift */; };
		AD6E45A5240D0BAE0098B245 /* AppDelegate.swift in Sources */ = {isa = PBXBuildFile; fileRef = AD6E45A4240D0BAE0098B245 /* AppDelegate.swift */; };
		AD6E45A7240D0BAE0098B245 /* SceneDelegate.swift in Sources */ = {isa = PBXBuildFile; fileRef = AD6E45A6240D0BAE0098B245 /* SceneDelegate.swift */; };
		AD6E45AC240D0BAE0098B245 /* Main.storyboard in Resources */ = {isa = PBXBuildFile; fileRef = AD6E45AA240D0BAE0098B245 /* Main.storyboard */; };
		AD6E45AE240D0BB20098B245 /* Assets.xcassets in Resources */ = {isa = PBXBuildFile; fileRef = AD6E45AD240D0BB20098B245 /* Assets.xcassets */; };
		AD6E45B1240D0BB20098B245 /* LaunchScreen.storyboard in Resources */ = {isa = PBXBuildFile; fileRef = AD6E45AF240D0BB20098B245 /* LaunchScreen.storyboard */; };
		AD6E45BC240D0BB20098B245 /* Hotel_RoomsTests.swift in Sources */ = {isa = PBXBuildFile; fileRef = AD6E45BB240D0BB20098B245 /* Hotel_RoomsTests.swift */; };
		AD6E45C7240D0BB20098B245 /* Hotel_RoomsUITests.swift in Sources */ = {isa = PBXBuildFile; fileRef = AD6E45C6240D0BB20098B245 /* Hotel_RoomsUITests.swift */; };
		AD6E45DA240D0D000098B245 /* sayfabes.swift in Sources */ = {isa = PBXBuildFile; fileRef = AD6E45D4240D0CFF0098B245 /* sayfabes.swift */; };
		AD6E45DB240D0D000098B245 /* sayfaiki.swift in Sources */ = {isa = PBXBuildFile; fileRef = AD6E45D5240D0CFF0098B245 /* sayfaiki.swift */; };
		AD6E45DC240D0D000098B245 /* sayfauc.swift in Sources */ = {isa = PBXBuildFile; fileRef = AD6E45D6240D0CFF0098B245 /* sayfauc.swift */; };
		AD6E45DD240D0D000098B245 /* sayfaalti.swift in Sources */ = {isa = PBXBuildFile; fileRef = AD6E45D7240D0CFF0098B245 /* sayfaalti.swift */; };
		AD6E45DF240D0D000098B245 /* sayfadort.swift in Sources */ = {isa = PBXBuildFile; fileRef = AD6E45D9240D0D000098B245 /* sayfadort.swift */; };
		AD6E45E1240D12860098B245 /* tanitim.swift in Sources */ = {isa = PBXBuildFile; fileRef = AD6E45E0240D12860098B245 /* tanitim.swift */; };
		AD6E45E3240D12950098B245 /* ayarlar.swift in Sources */ = {isa = PBXBuildFile; fileRef = AD6E45E2240D12950098B245 /* ayarlar.swift */; };
		AD6E45E5240D12A70098B245 /* hakkinda.swift in Sources */ = {isa = PBXBuildFile; fileRef = AD6E45E4240D12A70098B245 /* hakkinda.swift */; };
		AD6E45E7240D18800098B245 /* giris.swift in Sources */ = {isa = PBXBuildFile; fileRef = AD6E45E6240D18800098B245 /* giris.swift */; };
		ADC20FBF2438B25C00DB022C /* hotelphotos in Resources */ = {isa = PBXBuildFile; fileRef = ADC20FBE2438B25C00DB022C /* hotelphotos */; };
		ADC20FCD2438B6D100DB022C /* 1.jpg in Resources */ = {isa = PBXBuildFile; fileRef = ADC20FC02438B6CE00DB022C /* 1.jpg */; };
		ADC20FCE2438B6D100DB022C /* hilton.jpg in Resources */ = {isa = PBXBuildFile; fileRef = ADC20FC12438B6CE00DB022C /* hilton.jpg */; };
		ADC20FCF2438B6D100DB022C /* 3.jpg in Resources */ = {isa = PBXBuildFile; fileRef = ADC20FC22438B6CF00DB022C /* 3.jpg */; };
		ADC20FD02438B6D100DB022C /* 10.jpg in Resources */ = {isa = PBXBuildFile; fileRef = ADC20FC32438B6CF00DB022C /* 10.jpg */; };
		ADC20FD12438B6D100DB022C /* 11.jpg in Resources */ = {isa = PBXBuildFile; fileRef = ADC20FC42438B6CF00DB022C /* 11.jpg */; };
		ADC20FD22438B6D100DB022C /* gal-hotels-13-jpg.jpg in Resources */ = {isa = PBXBuildFile; fileRef = ADC20FC52438B6CF00DB022C /* gal-hotels-13-jpg.jpg */; };
		ADC20FD32438B6D100DB022C /* 2.jpg in Resources */ = {isa = PBXBuildFile; fileRef = ADC20FC62438B6CF00DB022C /* 2.jpg */; };
		ADC20FD42438B6D100DB022C /* Conrad-Hangzhou.jpg in Resources */ = {isa = PBXBuildFile; fileRef = ADC20FC72438B6D000DB022C /* Conrad-Hangzhou.jpg */; };
		ADC20FD52438B6D100DB022C /* 5.jpg in Resources */ = {isa = PBXBuildFile; fileRef = ADC20FC82438B6D000DB022C /* 5.jpg */; };
		ADC20FD62438B6D100DB022C /* 8.jpg in Resources */ = {isa = PBXBuildFile; fileRef = ADC20FC92438B6D000DB022C /* 8.jpg */; };
		ADC20FD72438B6D100DB022C /* 4.jpg in Resources */ = {isa = PBXBuildFile; fileRef = ADC20FCA2438B6D000DB022C /* 4.jpg */; };
		ADC20FD82438B6D100DB022C /* 6.jpg in Resources */ = {isa = PBXBuildFile; fileRef = ADC20FCB2438B6D100DB022C /* 6.jpg */; };
		ADC20FD92438B6D100DB022C /* 9.jpg in Resources */ = {isa = PBXBuildFile; fileRef = ADC20FCC2438B6D100DB022C /* 9.jpg */; };
		ADC66015243A4D4D00051737 /* Hr.png in Resources */ = {isa = PBXBuildFile; fileRef = ADC66014243A4D4C00051737 /* Hr.png */; };
		ADFF2815243511E100D42479 /* ViewController2.swift in Sources */ = {isa = PBXBuildFile; fileRef = ADFF2814243511E100D42479 /* ViewController2.swift */; };
/* End PBXBuildFile section */

/* Begin PBXContainerItemProxy section */
		AD6E45B8240D0BB20098B245 /* PBXContainerItemProxy */ = {
			isa = PBXContainerItemProxy;
			containerPortal = AD6E4599240D0BAE0098B245 /* Project object */;
			proxyType = 1;
			remoteGlobalIDString = AD6E45A0240D0BAE0098B245;
			remoteInfo = "Hotel Rooms";
		};
		AD6E45C3240D0BB20098B245 /* PBXContainerItemProxy */ = {
			isa = PBXContainerItemProxy;
			containerPortal = AD6E4599240D0BAE0098B245 /* Project object */;
			proxyType = 1;
			remoteGlobalIDString = AD6E45A0240D0BAE0098B245;
			remoteInfo = "Hotel Rooms";
		};
/* End PBXContainerItemProxy section */

/* Begin PBXFileReference section */
		AD60EBA82428AD810035D43C /* kullanicikayit.swift */ = {isa = PBXFileReference; lastKnownFileType = sourcecode.swift; path = kullanicikayit.swift; sourceTree = "<group>"; };
		AD6E45A1240D0BAE0098B245 /* Hotel Rooms.app */ = {isa = PBXFileReference; explicitFileType = wrapper.application; includeInIndex = 0; path = "Hotel Rooms.app"; sourceTree = BUILT_PRODUCTS_DIR; };
		AD6E45A4240D0BAE0098B245 /* AppDelegate.swift */ = {isa = PBXFileReference; lastKnownFileType = sourcecode.swift; path = AppDelegate.swift; sourceTree = "<group>"; };
		AD6E45A6240D0BAE0098B245 /* SceneDelegate.swift */ = {isa = PBXFileReference; lastKnownFileType = sourcecode.swift; path = SceneDelegate.swift; sourceTree = "<group>"; };
		AD6E45AB240D0BAE0098B245 /* Base */ = {isa = PBXFileReference; lastKnownFileType = file.storyboard; name = Base; path = Base.lproj/Main.storyboard; sourceTree = "<group>"; };
		AD6E45AD240D0BB20098B245 /* Assets.xcassets */ = {isa = PBXFileReference; lastKnownFileType = folder.assetcatalog; path = Assets.xcassets; sourceTree = "<group>"; };
		AD6E45B0240D0BB20098B245 /* Base */ = {isa = PBXFileReference; lastKnownFileType = file.storyboard; name = Base; path = Base.lproj/LaunchScreen.storyboard; sourceTree = "<group>"; };
		AD6E45B2240D0BB20098B245 /* Info.plist */ = {isa = PBXFileReference; lastKnownFileType = text.plist.xml; path = Info.plist; sourceTree = "<group>"; };
		AD6E45B7240D0BB20098B245 /* Hotel RoomsTests.xctest */ = {isa = PBXFileReference; explicitFileType = wrapper.cfbundle; includeInIndex = 0; path = "Hotel RoomsTests.xctest"; sourceTree = BUILT_PRODUCTS_DIR; };
		AD6E45BB240D0BB20098B245 /* Hotel_RoomsTests.swift */ = {isa = PBXFileReference; lastKnownFileType = sourcecode.swift; path = Hotel_RoomsTests.swift; sourceTree = "<group>"; };
		AD6E45BD240D0BB20098B245 /* Info.plist */ = {isa = PBXFileReference; lastKnownFileType = text.plist.xml; path = Info.plist; sourceTree = "<group>"; };
		AD6E45C2240D0BB20098B245 /* Hotel RoomsUITests.xctest */ = {isa = PBXFileReference; explicitFileType = wrapper.cfbundle; includeInIndex = 0; path = "Hotel RoomsUITests.xctest"; sourceTree = BUILT_PRODUCTS_DIR; };
		AD6E45C6240D0BB20098B245 /* Hotel_RoomsUITests.swift */ = {isa = PBXFileReference; lastKnownFileType = sourcecode.swift; path = Hotel_RoomsUITests.swift; sourceTree = "<group>"; };
		AD6E45C8240D0BB20098B245 /* Info.plist */ = {isa = PBXFileReference; lastKnownFileType = text.plist.xml; path = Info.plist; sourceTree = "<group>"; };
		AD6E45D4240D0CFF0098B245 /* sayfabes.swift */ = {isa = PBXFileReference; fileEncoding = 4; lastKnownFileType = sourcecode.swift; name = sayfabes.swift; path = "../../adsız klasör/sayfabes.swift"; sourceTree = "<group>"; };
		AD6E45D5240D0CFF0098B245 /* sayfaiki.swift */ = {isa = PBXFileReference; fileEncoding = 4; lastKnownFileType = sourcecode.swift; name = sayfaiki.swift; path = "../../adsız klasör/sayfaiki.swift"; sourceTree = "<group>"; };
		AD6E45D6240D0CFF0098B245 /* sayfauc.swift */ = {isa = PBXFileReference; fileEncoding = 4; lastKnownFileType = sourcecode.swift; name = sayfauc.swift; path = "../../adsız klasör/sayfauc.swift"; sourceTree = "<group>"; };
		AD6E45D7240D0CFF0098B245 /* sayfaalti.swift */ = {isa = PBXFileReference; fileEncoding = 4; lastKnownFileType = sourcecode.swift; name = sayfaalti.swift; path = "../../adsız klasör/sayfaalti.swift"; sourceTree = "<group>"; };
		AD6E45D9240D0D000098B245 /* sayfadort.swift */ = {isa = PBXFileReference; fileEncoding = 4; lastKnownFileType = sourcecode.swift; name = sayfadort.swift; path = "../../adsız klasör/sayfadort.swift"; sourceTree = "<group>"; };
		AD6E45E0240D12860098B245 /* tanitim.swift */ = {isa = PBXFileReference; lastKnownFileType = sourcecode.swift; path = tanitim.swift; sourceTree = "<group>"; };
		AD6E45E2240D12950098B245 /* ayarlar.swift */ = {isa = PBXFileReference; lastKnownFileType = sourcecode.swift; path = ayarlar.swift; sourceTree = "<group>"; };
		AD6E45E4240D12A70098B245 /* hakkinda.swift */ = {isa = PBXFileReference; lastKnownFileType = sourcecode.swift; path = hakkinda.swift; sourceTree = "<group>"; };
		AD6E45E6240D18800098B245 /* giris.swift */ = {isa = PBXFileReference; lastKnownFileType = sourcecode.swift; path = giris.swift; sourceTree = "<group>"; };
		ADC20FBE2438B25C00DB022C /* hotelphotos */ = {isa = PBXFileReference; lastKnownFileType = folder; name = hotelphotos; path = ../../hotelphotos; sourceTree = "<group>"; };
		ADC20FC02438B6CE00DB022C /* 1.jpg */ = {isa = PBXFileReference; lastKnownFileType = image.jpeg; name = 1.jpg; path = ../../hotelphotos/1.jpg; sourceTree = "<group>"; };
		ADC20FC12438B6CE00DB022C /* hilton.jpg */ = {isa = PBXFileReference; lastKnownFileType = image.jpeg; name = hilton.jpg; path = ../../hotelphotos/hilton.jpg; sourceTree = "<group>"; };
		ADC20FC22438B6CF00DB022C /* 3.jpg */ = {isa = PBXFileReference; lastKnownFileType = image.jpeg; name = 3.jpg; path = ../../hotelphotos/3.jpg; sourceTree = "<group>"; };
		ADC20FC32438B6CF00DB022C /* 10.jpg */ = {isa = PBXFileReference; lastKnownFileType = image.jpeg; name = 10.jpg; path = ../../hotelphotos/10.jpg; sourceTree = "<group>"; };
		ADC20FC42438B6CF00DB022C /* 11.jpg */ = {isa = PBXFileReference; lastKnownFileType = image.jpeg; name = 11.jpg; path = ../../hotelphotos/11.jpg; sourceTree = "<group>"; };
		ADC20FC52438B6CF00DB022C /* gal-hotels-13-jpg.jpg */ = {isa = PBXFileReference; lastKnownFileType = image.jpeg; name = "gal-hotels-13-jpg.jpg"; path = "../../hotelphotos/gal-hotels-13-jpg.jpg"; sourceTree = "<group>"; };
		ADC20FC62438B6CF00DB022C /* 2.jpg */ = {isa = PBXFileReference; lastKnownFileType = image.jpeg; name = 2.jpg; path = ../../hotelphotos/2.jpg; sourceTree = "<group>"; };
		ADC20FC72438B6D000DB022C /* Conrad-Hangzhou.jpg */ = {isa = PBXFileReference; lastKnownFileType = image.jpeg; name = "Conrad-Hangzhou.jpg"; path = "../../hotelphotos/Conrad-Hangzhou.jpg"; sourceTree = "<group>"; };
		ADC20FC82438B6D000DB022C /* 5.jpg */ = {isa = PBXFileReference; lastKnownFileType = image.jpeg; name = 5.jpg; path = ../../hotelphotos/5.jpg; sourceTree = "<group>"; };
		ADC20FC92438B6D000DB022C /* 8.jpg */ = {isa = PBXFileReference; lastKnownFileType = image.jpeg; name = 8.jpg; path = ../../hotelphotos/8.jpg; sourceTree = "<group>"; };
		ADC20FCA2438B6D000DB022C /* 4.jpg */ = {isa = PBXFileReference; lastKnownFileType = image.jpeg; name = 4.jpg; path = ../../hotelphotos/4.jpg; sourceTree = "<group>"; };
		ADC20FCB2438B6D100DB022C /* 6.jpg */ = {isa = PBXFileReference; lastKnownFileType = image.jpeg; name = 6.jpg; path = ../../hotelphotos/6.jpg; sourceTree = "<group>"; };
		ADC20FCC2438B6D100DB022C /* 9.jpg */ = {isa = PBXFileReference; lastKnownFileType = image.jpeg; name = 9.jpg; path = ../../hotelphotos/9.jpg; sourceTree = "<group>"; };
		ADC66014243A4D4C00051737 /* Hr.png */ = {isa = PBXFileReference; lastKnownFileType = image.png; name = Hr.png; path = ../../Hr.png; sourceTree = "<group>"; };
		ADFF2814243511E100D42479 /* ViewController2.swift */ = {isa = PBXFileReference; lastKnownFileType = sourcecode.swift; path = ViewController2.swift; sourceTree = "<group>"; };
/* End PBXFileReference section */

/* Begin PBXFrameworksBuildPhase section */
		AD6E459E240D0BAE0098B245 /* Frameworks */ = {
			isa = PBXFrameworksBuildPhase;
			buildActionMask = 2147483647;
			files = (
			);
			runOnlyForDeploymentPostprocessing = 0;
		};
		AD6E45B4240D0BB20098B245 /* Frameworks */ = {
			isa = PBXFrameworksBuildPhase;
			buildActionMask = 2147483647;
			files = (
			);
			runOnlyForDeploymentPostprocessing = 0;
		};
		AD6E45BF240D0BB20098B245 /* Frameworks */ = {
			isa = PBXFrameworksBuildPhase;
			buildActionMask = 2147483647;
			files = (
			);
			runOnlyForDeploymentPostprocessing = 0;
		};
/* End PBXFrameworksBuildPhase section */

/* Begin PBXGroup section */
		AD6E4598240D0BAE0098B245 = {
			isa = PBXGroup;
			children = (
				AD6E45A3240D0BAE0098B245 /* Hotel Rooms */,
				AD6E45BA240D0BB20098B245 /* Hotel RoomsTests */,
				AD6E45C5240D0BB20098B245 /* Hotel RoomsUITests */,
				AD6E45A2240D0BAE0098B245 /* Products */,
			);
			sourceTree = "<group>";
		};
		AD6E45A2240D0BAE0098B245 /* Products */ = {
			isa = PBXGroup;
			children = (
				AD6E45A1240D0BAE0098B245 /* Hotel Rooms.app */,
				AD6E45B7240D0BB20098B245 /* Hotel RoomsTests.xctest */,
				AD6E45C2240D0BB20098B245 /* Hotel RoomsUITests.xctest */,
			);
			name = Products;
			sourceTree = "<group>";
		};
		AD6E45A3240D0BAE0098B245 /* Hotel Rooms */ = {
			isa = PBXGroup;
			children = (
				ADC20FBE2438B25C00DB022C /* hotelphotos */,
				AD6E45E6240D18800098B245 /* giris.swift */,
				AD60EBA82428AD810035D43C /* kullanicikayit.swift */,
				AD6E45E0240D12860098B245 /* tanitim.swift */,
				AD6E45E2240D12950098B245 /* ayarlar.swift */,
				AD6E45E4240D12A70098B245 /* hakkinda.swift */,
				ADFF2814243511E100D42479 /* ViewController2.swift */,
				AD6E45D5240D0CFF0098B245 /* sayfaiki.swift */,
				AD6E45D6240D0CFF0098B245 /* sayfauc.swift */,
				AD6E45D9240D0D000098B245 /* sayfadort.swift */,
				AD6E45D4240D0CFF0098B245 /* sayfabes.swift */,
				AD6E45D7240D0CFF0098B245 /* sayfaalti.swift */,
				AD6E45AA240D0BAE0098B245 /* Main.storyboard */,
				ADC20FC02438B6CE00DB022C /* 1.jpg */,
				ADC20FC62438B6CF00DB022C /* 2.jpg */,
				ADC20FC22438B6CF00DB022C /* 3.jpg */,
				ADC20FCA2438B6D000DB022C /* 4.jpg */,
				ADC20FC82438B6D000DB022C /* 5.jpg */,
				ADC20FCB2438B6D100DB022C /* 6.jpg */,
				ADC20FC92438B6D000DB022C /* 8.jpg */,
				ADC20FCC2438B6D100DB022C /* 9.jpg */,
				ADC20FC32438B6CF00DB022C /* 10.jpg */,
				ADC20FC42438B6CF00DB022C /* 11.jpg */,
				ADC66014243A4D4C00051737 /* Hr.png */,
				ADC20FC72438B6D000DB022C /* Conrad-Hangzhou.jpg */,
				ADC20FC52438B6CF00DB022C /* gal-hotels-13-jpg.jpg */,
				ADC20FC12438B6CE00DB022C /* hilton.jpg */,
				AD6E45A4240D0BAE0098B245 /* AppDelegate.swift */,
				AD6E45A6240D0BAE0098B245 /* SceneDelegate.swift */,
				AD6E45AD240D0BB20098B245 /* Assets.xcassets */,
				AD6E45AF240D0BB20098B245 /* LaunchScreen.storyboard */,
				AD6E45B2240D0BB20098B245 /* Info.plist */,
			);
			path = "Hotel Rooms";
			sourceTree = "<group>";
		};
		AD6E45BA240D0BB20098B245 /* Hotel RoomsTests */ = {
			isa = PBXGroup;
			children = (
				AD6E45BB240D0BB20098B245 /* Hotel_RoomsTests.swift */,
				AD6E45BD240D0BB20098B245 /* Info.plist */,
			);
			path = "Hotel RoomsTests";
			sourceTree = "<group>";
		};
		AD6E45C5240D0BB20098B245 /* Hotel RoomsUITests */ = {
			isa = PBXGroup;
			children = (
				AD6E45C6240D0BB20098B245 /* Hotel_RoomsUITests.swift */,
				AD6E45C8240D0BB20098B245 /* Info.plist */,
			);
			path = "Hotel RoomsUITests";
			sourceTree = "<group>";
		};
/* End PBXGroup section */

/* Begin PBXNativeTarget section */
		AD6E45A0240D0BAE0098B245 /* Hotel Rooms */ = {
			isa = PBXNativeTarget;
			buildConfigurationList = AD6E45CB240D0BB20098B245 /* Build configuration list for PBXNativeTarget "Hotel Rooms" */;
			buildPhases = (
				AD6E459D240D0BAE0098B245 /* Sources */,
				AD6E459E240D0BAE0098B245 /* Frameworks */,
				AD6E459F240D0BAE0098B245 /* Resources */,
			);
			buildRules = (
			);
			dependencies = (
			);
			name = "Hotel Rooms";
			productName = "Hotel Rooms";
			productReference = AD6E45A1240D0BAE0098B245 /* Hotel Rooms.app */;
			productType = "com.apple.product-type.application";
		};
		AD6E45B6240D0BB20098B245 /* Hotel RoomsTests */ = {
			isa = PBXNativeTarget;
			buildConfigurationList = AD6E45CE240D0BB20098B245 /* Build configuration list for PBXNativeTarget "Hotel RoomsTests" */;
			buildPhases = (
				AD6E45B3240D0BB20098B245 /* Sources */,
				AD6E45B4240D0BB20098B245 /* Frameworks */,
				AD6E45B5240D0BB20098B245 /* Resources */,
			);
			buildRules = (
			);
			dependencies = (
				AD6E45B9240D0BB20098B245 /* PBXTargetDependency */,
			);
			name = "Hotel RoomsTests";
			productName = "Hotel RoomsTests";
			productReference = AD6E45B7240D0BB20098B245 /* Hotel RoomsTests.xctest */;
			productType = "com.apple.product-type.bundle.unit-test";
		};
		AD6E45C1240D0BB20098B245 /* Hotel RoomsUITests */ = {
			isa = PBXNativeTarget;
			buildConfigurationList = AD6E45D1240D0BB20098B245 /* Build configuration list for PBXNativeTarget "Hotel RoomsUITests" */;
			buildPhases = (
				AD6E45BE240D0BB20098B245 /* Sources */,
				AD6E45BF240D0BB20098B245 /* Frameworks */,
				AD6E45C0240D0BB20098B245 /* Resources */,
			);
			buildRules = (
			);
			dependencies = (
				AD6E45C4240D0BB20098B245 /* PBXTargetDependency */,
			);
			name = "Hotel RoomsUITests";
			productName = "Hotel RoomsUITests";
			productReference = AD6E45C2240D0BB20098B245 /* Hotel RoomsUITests.xctest */;
			productType = "com.apple.product-type.bundle.ui-testing";
		};
/* End PBXNativeTarget section */

/* Begin PBXProject section */
		AD6E4599240D0BAE0098B245 /* Project object */ = {
			isa = PBXProject;
			attributes = {
				LastSwiftUpdateCheck = 1120;
				LastUpgradeCheck = 1120;
				ORGANIZATIONNAME = A;
				TargetAttributes = {
					AD6E45A0240D0BAE0098B245 = {
						CreatedOnToolsVersion = 11.2.1;
					};
					AD6E45B6240D0BB20098B245 = {
						CreatedOnToolsVersion = 11.2.1;
						TestTargetID = AD6E45A0240D0BAE0098B245;
					};
					AD6E45C1240D0BB20098B245 = {
						CreatedOnToolsVersion = 11.2.1;
						TestTargetID = AD6E45A0240D0BAE0098B245;
					};
				};
			};
			buildConfigurationList = AD6E459C240D0BAE0098B245 /* Build configuration list for PBXProject "Hotel Rooms" */;
			compatibilityVersion = "Xcode 9.3";
			developmentRegion = en;
			hasScannedForEncodings = 0;
			knownRegions = (
				en,
				Base,
			);
			mainGroup = AD6E4598240D0BAE0098B245;
			productRefGroup = AD6E45A2240D0BAE0098B245 /* Products */;
			projectDirPath = "";
			projectRoot = "";
			targets = (
				AD6E45A0240D0BAE0098B245 /* Hotel Rooms */,
				AD6E45B6240D0BB20098B245 /* Hotel RoomsTests */,
				AD6E45C1240D0BB20098B245 /* Hotel RoomsUITests */,
			);
		};
/* End PBXProject section */

/* Begin PBXResourcesBuildPhase section */
		AD6E459F240D0BAE0098B245 /* Resources */ = {
			isa = PBXResourcesBuildPhase;
			buildActionMask = 2147483647;
			files = (
				ADC20FD32438B6D100DB022C /* 2.jpg in Resources */,
				ADC20FBF2438B25C00DB022C /* hotelphotos in Resources */,
				ADC20FD42438B6D100DB022C /* Conrad-Hangzhou.jpg in Resources */,
				ADC20FD72438B6D100DB022C /* 4.jpg in Resources */,
				AD6E45B1240D0BB20098B245 /* LaunchScreen.storyboard in Resources */,
				AD6E45AE240D0BB20098B245 /* Assets.xcassets in Resources */,
				ADC20FD22438B6D100DB022C /* gal-hotels-13-jpg.jpg in Resources */,
				ADC20FD62438B6D100DB022C /* 8.jpg in Resources */,
				ADC20FD12438B6D100DB022C /* 11.jpg in Resources */,
				ADC20FD52438B6D100DB022C /* 5.jpg in Resources */,
				ADC20FD82438B6D100DB022C /* 6.jpg in Resources */,
				ADC20FCE2438B6D100DB022C /* hilton.jpg in Resources */,
				ADC20FD92438B6D100DB022C /* 9.jpg in Resources */,
				ADC66015243A4D4D00051737 /* Hr.png in Resources */,
				AD6E45AC240D0BAE0098B245 /* Main.storyboard in Resources */,
				ADC20FCF2438B6D100DB022C /* 3.jpg in Resources */,
				ADC20FD02438B6D100DB022C /* 10.jpg in Resources */,
				ADC20FCD2438B6D100DB022C /* 1.jpg in Resources */,
			);
			runOnlyForDeploymentPostprocessing = 0;
		};
		AD6E45B5240D0BB20098B245 /* Resources */ = {
			isa = PBXResourcesBuildPhase;
			buildActionMask = 2147483647;
			files = (
			);
			runOnlyForDeploymentPostprocessing = 0;
		};
		AD6E45C0240D0BB20098B245 /* Resources */ = {
			isa = PBXResourcesBuildPhase;
			buildActionMask = 2147483647;
			files = (
			);
			runOnlyForDeploymentPostprocessing = 0;
		};
/* End PBXResourcesBuildPhase section */

/* Begin PBXSourcesBuildPhase section */
		AD6E459D240D0BAE0098B245 /* Sources */ = {
			isa = PBXSourcesBuildPhase;
			buildActionMask = 2147483647;
			files = (
				AD60EBA92428AD810035D43C /* kullanicikayit.swift in Sources */,
				AD6E45DC240D0D000098B245 /* sayfauc.swift in Sources */,
				AD6E45DF240D0D000098B245 /* sayfadort.swift in Sources */,
				AD6E45E1240D12860098B245 /* tanitim.swift in Sources */,
				AD6E45DB240D0D000098B245 /* sayfaiki.swift in Sources */,
				AD6E45E7240D18800098B245 /* giris.swift in Sources */,
				AD6E45A5240D0BAE0098B245 /* AppDelegate.swift in Sources */,
				ADFF2815243511E100D42479 /* ViewController2.swift in Sources */,
				AD6E45A7240D0BAE0098B245 /* SceneDelegate.swift in Sources */,
				AD6E45DA240D0D000098B245 /* sayfabes.swift in Sources */,
				AD6E45E5240D12A70098B245 /* hakkinda.swift in Sources */,
				AD6E45E3240D12950098B245 /* ayarlar.swift in Sources */,
				AD6E45DD240D0D000098B245 /* sayfaalti.swift in Sources */,
			);
			runOnlyForDeploymentPostprocessing = 0;
		};
		AD6E45B3240D0BB20098B245 /* Sources */ = {
			isa = PBXSourcesBuildPhase;
			buildActionMask = 2147483647;
			files = (
				AD6E45BC240D0BB20098B245 /* Hotel_RoomsTests.swift in Sources */,
			);
			runOnlyForDeploymentPostprocessing = 0;
		};
		AD6E45BE240D0BB20098B245 /* Sources */ = {
			isa = PBXSourcesBuildPhase;
			buildActionMask = 2147483647;
			files = (
				AD6E45C7240D0BB20098B245 /* Hotel_RoomsUITests.swift in Sources */,
			);
			runOnlyForDeploymentPostprocessing = 0;
		};
/* End PBXSourcesBuildPhase section */

/* Begin PBXTargetDependency section */
		AD6E45B9240D0BB20098B245 /* PBXTargetDependency */ = {
			isa = PBXTargetDependency;
			target = AD6E45A0240D0BAE0098B245 /* Hotel Rooms */;
			targetProxy = AD6E45B8240D0BB20098B245 /* PBXContainerItemProxy */;
		};
		AD6E45C4240D0BB20098B245 /* PBXTargetDependency */ = {
			isa = PBXTargetDependency;
			target = AD6E45A0240D0BAE0098B245 /* Hotel Rooms */;
			targetProxy = AD6E45C3240D0BB20098B245 /* PBXContainerItemProxy */;
		};
/* End PBXTargetDependency section */

/* Begin PBXVariantGroup section */
		AD6E45AA240D0BAE0098B245 /* Main.storyboard */ = {
			isa = PBXVariantGroup;
			children = (
				AD6E45AB240D0BAE0098B245 /* Base */,
			);
			name = Main.storyboard;
			sourceTree = "<group>";
		};
		AD6E45AF240D0BB20098B245 /* LaunchScreen.storyboard */ = {
			isa = PBXVariantGroup;
			children = (
				AD6E45B0240D0BB20098B245 /* Base */,
			);
			name = LaunchScreen.storyboard;
			sourceTree = "<group>";
		};
/* End PBXVariantGroup section */

/* Begin XCBuildConfiguration section */
		AD6E45C9240D0BB20098B245 /* Debug */ = {
			isa = XCBuildConfiguration;
			buildSettings = {
				ALWAYS_SEARCH_USER_PATHS = NO;
				CLANG_ANALYZER_NONNULL = YES;
				CLANG_ANALYZER_NUMBER_OBJECT_CONVERSION = YES_AGGRESSIVE;
				CLANG_CXX_LANGUAGE_STANDARD = "gnu++14";
				CLANG_CXX_LIBRARY = "libc++";
				CLANG_ENABLE_MODULES = YES;
				CLANG_ENABLE_OBJC_ARC = YES;
				CLANG_ENABLE_OBJC_WEAK = YES;
				CLANG_WARN_BLOCK_CAPTURE_AUTORELEASING = YES;
				CLANG_WARN_BOOL_CONVERSION = YES;
				CLANG_WARN_COMMA = YES;
				CLANG_WARN_CONSTANT_CONVERSION = YES;
				CLANG_WARN_DEPRECATED_OBJC_IMPLEMENTATIONS = YES;
				CLANG_WARN_DIRECT_OBJC_ISA_USAGE = YES_ERROR;
				CLANG_WARN_DOCUMENTATION_COMMENTS = YES;
				CLANG_WARN_EMPTY_BODY = YES;
				CLANG_WARN_ENUM_CONVERSION = YES;
				CLANG_WARN_INFINITE_RECURSION = YES;
				CLANG_WARN_INT_CONVERSION = YES;
				CLANG_WARN_NON_LITERAL_NULL_CONVERSION = YES;
				CLANG_WARN_OBJC_IMPLICIT_RETAIN_SELF = YES;
				CLANG_WARN_OBJC_LITERAL_CONVERSION = YES;
				CLANG_WARN_OBJC_ROOT_CLASS = YES_ERROR;
				CLANG_WARN_RANGE_LOOP_ANALYSIS = YES;
				CLANG_WARN_STRICT_PROTOTYPES = YES;
				CLANG_WARN_SUSPICIOUS_MOVE = YES;
				CLANG_WARN_UNGUARDED_AVAILABILITY = YES_AGGRESSIVE;
				CLANG_WARN_UNREACHABLE_CODE = YES;
				CLANG_WARN__DUPLICATE_METHOD_MATCH = YES;
				COPY_PHASE_STRIP = NO;
				DEBUG_INFORMATION_FORMAT = dwarf;
				ENABLE_STRICT_OBJC_MSGSEND = YES;
				ENABLE_TESTABILITY = YES;
				GCC_C_LANGUAGE_STANDARD = gnu11;
				GCC_DYNAMIC_NO_PIC = NO;
				GCC_NO_COMMON_BLOCKS = YES;
				GCC_OPTIMIZATION_LEVEL = 0;
				GCC_PREPROCESSOR_DEFINITIONS = (
					"DEBUG=1",
					"$(inherited)",
				);
				GCC_WARN_64_TO_32_BIT_CONVERSION = YES;
				GCC_WARN_ABOUT_RETURN_TYPE = YES_ERROR;
				GCC_WARN_UNDECLARED_SELECTOR = YES;
				GCC_WARN_UNINITIALIZED_AUTOS = YES_AGGRESSIVE;
				GCC_WARN_UNUSED_FUNCTION = YES;
				GCC_WARN_UNUSED_VARIABLE = YES;
				IPHONEOS_DEPLOYMENT_TARGET = 13.0;
				MTL_ENABLE_DEBUG_INFO = INCLUDE_SOURCE;
				MTL_FAST_MATH = YES;
				ONLY_ACTIVE_ARCH = YES;
				SDKROOT = iphoneos;
				SWIFT_ACTIVE_COMPILATION_CONDITIONS = DEBUG;
				SWIFT_OPTIMIZATION_LEVEL = "-Onone";
			};
			name = Debug;
		};
		AD6E45CA240D0BB20098B245 /* Release */ = {
			isa = XCBuildConfiguration;
			buildSettings = {
				ALWAYS_SEARCH_USER_PATHS = NO;
				CLANG_ANALYZER_NONNULL = YES;
				CLANG_ANALYZER_NUMBER_OBJECT_CONVERSION = YES_AGGRESSIVE;
				CLANG_CXX_LANGUAGE_STANDARD = "gnu++14";
				CLANG_CXX_LIBRARY = "libc++";
				CLANG_ENABLE_MODULES = YES;
				CLANG_ENABLE_OBJC_ARC = YES;
				CLANG_ENABLE_OBJC_WEAK = YES;
				CLANG_WARN_BLOCK_CAPTURE_AUTORELEASING = YES;
				CLANG_WARN_BOOL_CONVERSION = YES;
				CLANG_WARN_COMMA = YES;
				CLANG_WARN_CONSTANT_CONVERSION = YES;
				CLANG_WARN_DEPRECATED_OBJC_IMPLEMENTATIONS = YES;
				CLANG_WARN_DIRECT_OBJC_ISA_USAGE = YES_ERROR;
				CLANG_WARN_DOCUMENTATION_COMMENTS = YES;
				CLANG_WARN_EMPTY_BODY = YES;
				CLANG_WARN_ENUM_CONVERSION = YES;
				CLANG_WARN_INFINITE_RECURSION = YES;
				CLANG_WARN_INT_CONVERSION = YES;
				CLANG_WARN_NON_LITERAL_NULL_CONVERSION = YES;
				CLANG_WARN_OBJC_IMPLICIT_RETAIN_SELF = YES;
				CLANG_WARN_OBJC_LITERAL_CONVERSION = YES;
				CLANG_WARN_OBJC_ROOT_CLASS = YES_ERROR;
				CLANG_WARN_RANGE_LOOP_ANALYSIS = YES;
				CLANG_WARN_STRICT_PROTOTYPES = YES;
				CLANG_WARN_SUSPICIOUS_MOVE = YES;
				CLANG_WARN_UNGUARDED_AVAILABILITY = YES_AGGRESSIVE;
				CLANG_WARN_UNREACHABLE_CODE = YES;
				CLANG_WARN__DUPLICATE_METHOD_MATCH = YES;
				COPY_PHASE_STRIP = NO;
				DEBUG_INFORMATION_FORMAT = "dwarf-with-dsym";
				ENABLE_NS_ASSERTIONS = NO;
				ENABLE_STRICT_OBJC_MSGSEND = YES;
				GCC_C_LANGUAGE_STANDARD = gnu11;
				GCC_NO_COMMON_BLOCKS = YES;
				GCC_WARN_64_TO_32_BIT_CONVERSION = YES;
				GCC_WARN_ABOUT_RETURN_TYPE = YES_ERROR;
				GCC_WARN_UNDECLARED_SELECTOR = YES;
				GCC_WARN_UNINITIALIZED_AUTOS = YES_AGGRESSIVE;
				GCC_WARN_UNUSED_FUNCTION = YES;
				GCC_WARN_UNUSED_VARIABLE = YES;
				IPHONEOS_DEPLOYMENT_TARGET = 13.0;
				MTL_ENABLE_DEBUG_INFO = NO;
				MTL_FAST_MATH = YES;
				SDKROOT = iphoneos;
				SWIFT_COMPILATION_MODE = wholemodule;
				SWIFT_OPTIMIZATION_LEVEL = "-O";
				VALIDATE_PRODUCT = YES;
			};
			name = Release;
		};
		AD6E45CC240D0BB20098B245 /* Debug */ = {
			isa = XCBuildConfiguration;
			buildSettings = {
				ASSETCATALOG_COMPILER_APPICON_NAME = AppIcon;
				CODE_SIGN_STYLE = Automatic;
				INFOPLIST_FILE = "Hotel Rooms/Info.plist";
				LD_RUNPATH_SEARCH_PATHS = (
					"$(inherited)",
					"@executable_path/Frameworks",
				);
				PRODUCT_BUNDLE_IDENTIFIER = "A.Hotel-Rooms";
				PRODUCT_NAME = "$(TARGET_NAME)";
				SWIFT_VERSION = 5.0;
				TARGETED_DEVICE_FAMILY = "1,2";
			};
			name = Debug;
		};
		AD6E45CD240D0BB20098B245 /* Release */ = {
			isa = XCBuildConfiguration;
			buildSettings = {
				ASSETCATALOG_COMPILER_APPICON_NAME = AppIcon;
				CODE_SIGN_STYLE = Automatic;
				INFOPLIST_FILE = "Hotel Rooms/Info.plist";
				LD_RUNPATH_SEARCH_PATHS = (
					"$(inherited)",
					"@executable_path/Frameworks",
				);
				PRODUCT_BUNDLE_IDENTIFIER = "A.Hotel-Rooms";
				PRODUCT_NAME = "$(TARGET_NAME)";
				SWIFT_VERSION = 5.0;
				TARGETED_DEVICE_FAMILY = "1,2";
			};
			name = Release;
		};
		AD6E45CF240D0BB20098B245 /* Debug */ = {
			isa = XCBuildConfiguration;
			buildSettings = {
				ALWAYS_EMBED_SWIFT_STANDARD_LIBRARIES = YES;
				BUNDLE_LOADER = "$(TEST_HOST)";
				CODE_SIGN_STYLE = Automatic;
				INFOPLIST_FILE = "Hotel RoomsTests/Info.plist";
				IPHONEOS_DEPLOYMENT_TARGET = 13.2;
				LD_RUNPATH_SEARCH_PATHS = (
					"$(inherited)",
					"@executable_path/Frameworks",
					"@loader_path/Frameworks",
				);
				PRODUCT_BUNDLE_IDENTIFIER = "A.Hotel-RoomsTests";
				PRODUCT_NAME = "$(TARGET_NAME)";
				SWIFT_VERSION = 5.0;
				TARGETED_DEVICE_FAMILY = "1,2";
				TEST_HOST = "$(BUILT_PRODUCTS_DIR)/Hotel Rooms.app/Hotel Rooms";
			};
			name = Debug;
		};
		AD6E45D0240D0BB20098B245 /* Release */ = {
			isa = XCBuildConfiguration;
			buildSettings = {
				ALWAYS_EMBED_SWIFT_STANDARD_LIBRARIES = YES;
				BUNDLE_LOADER = "$(TEST_HOST)";
				CODE_SIGN_STYLE = Automatic;
				INFOPLIST_FILE = "Hotel RoomsTests/Info.plist";
				IPHONEOS_DEPLOYMENT_TARGET = 13.2;
				LD_RUNPATH_SEARCH_PATHS = (
					"$(inherited)",
					"@executable_path/Frameworks",
					"@loader_path/Frameworks",
				);
				PRODUCT_BUNDLE_IDENTIFIER = "A.Hotel-RoomsTests";
				PRODUCT_NAME = "$(TARGET_NAME)";
				SWIFT_VERSION = 5.0;
				TARGETED_DEVICE_FAMILY = "1,2";
				TEST_HOST = "$(BUILT_PRODUCTS_DIR)/Hotel Rooms.app/Hotel Rooms";
			};
			name = Release;
		};
		AD6E45D2240D0BB20098B245 /* Debug */ = {
			isa = XCBuildConfiguration;
			buildSettings = {
				ALWAYS_EMBED_SWIFT_STANDARD_LIBRARIES = YES;
				CODE_SIGN_STYLE = Automatic;
				INFOPLIST_FILE = "Hotel RoomsUITests/Info.plist";
				LD_RUNPATH_SEARCH_PATHS = (
					"$(inherited)",
					"@executable_path/Frameworks",
					"@loader_path/Frameworks",
				);
				PRODUCT_BUNDLE_IDENTIFIER = "A.Hotel-RoomsUITests";
				PRODUCT_NAME = "$(TARGET_NAME)";
				SWIFT_VERSION = 5.0;
				TARGETED_DEVICE_FAMILY = "1,2";
				TEST_TARGET_NAME = "Hotel Rooms";
			};
			name = Debug;
		};
		AD6E45D3240D0BB20098B245 /* Release */ = {
			isa = XCBuildConfiguration;
			buildSettings = {
				ALWAYS_EMBED_SWIFT_STANDARD_LIBRARIES = YES;
				CODE_SIGN_STYLE = Automatic;
				INFOPLIST_FILE = "Hotel RoomsUITests/Info.plist";
				LD_RUNPATH_SEARCH_PATHS = (
					"$(inherited)",
					"@executable_path/Frameworks",
					"@loader_path/Frameworks",
				);
				PRODUCT_BUNDLE_IDENTIFIER = "A.Hotel-RoomsUITests";
				PRODUCT_NAME = "$(TARGET_NAME)";
				SWIFT_VERSION = 5.0;
				TARGETED_DEVICE_FAMILY = "1,2";
				TEST_TARGET_NAME = "Hotel Rooms";
			};
			name = Release;
		};
/* End XCBuildConfiguration section */

/* Begin XCConfigurationList section */
		AD6E459C240D0BAE0098B245 /* Build configuration list for PBXProject "Hotel Rooms" */ = {
			isa = XCConfigurationList;
			buildConfigurations = (
				AD6E45C9240D0BB20098B245 /* Debug */,
				AD6E45CA240D0BB20098B245 /* Release */,
			);
			defaultConfigurationIsVisible = 0;
			defaultConfigurationName = Release;
		};
		AD6E45CB240D0BB20098B245 /* Build configuration list for PBXNativeTarget "Hotel Rooms" */ = {
			isa = XCConfigurationList;
			buildConfigurations = (
				AD6E45CC240D0BB20098B245 /* Debug */,
				AD6E45CD240D0BB20098B245 /* Release */,
			);
			defaultConfigurationIsVisible = 0;
			defaultConfigurationName = Release;
		};
		AD6E45CE240D0BB20098B245 /* Build configuration list for PBXNativeTarget "Hotel RoomsTests" */ = {
			isa = XCConfigurationList;
			buildConfigurations = (
				AD6E45CF240D0BB20098B245 /* Debug */,
				AD6E45D0240D0BB20098B245 /* Release */,
			);
			defaultConfigurationIsVisible = 0;
			defaultConfigurationName = Release;
		};
		AD6E45D1240D0BB20098B245 /* Build configuration list for PBXNativeTarget "Hotel RoomsUITests" */ = {
			isa = XCConfigurationList;
			buildConfigurations = (
				AD6E45D2240D0BB20098B245 /* Debug */,
				AD6E45D3240D0BB20098B245 /* Release */,
			);
			defaultConfigurationIsVisible = 0;
			defaultConfigurationName = Release;
		};
/* End XCConfigurationList section */
	};
	rootObject = AD6E4599240D0BAE0098B245 /* Project object */;
}
